
Microsoft Visual Studio Solution File, Format Version 12.00
# Visual Studio Version 17
VisualStudioVersion = 17.9.34616.47
MinimumVisualStudioVersion = 10.0.40219.1
Project("{FAE04EC0-301F-11D3-BF4B-00C04F79EFBC}") = "SDProj", "SDProj.csproj", "{E5D186B7-8ED1-4FB2-897D-3C055F6E5AC1}"
EndProject
Global
	GlobalSection(SolutionConfigurationPlatforms) = preSolution
		Debug|Any CPU = Debug|Any CPU
		Release|Any CPU = Release|Any CPU
	EndGlobalSection
	GlobalSection(ProjectConfigurationPlatforms) = postSolution
		{E5D186B7-8ED1-4FB2-897D-3C055F6E5AC1}.Debug|Any CPU.ActiveCfg = Debug|Any CPU
		{E5D186B7-8ED1-4FB2-897D-3C055F6E5AC1}.Debug|Any CPU.Build.0 = Debug|Any CPU
		{E5D186B7-8ED1-4FB2-897D-3C055F6E5AC1}.Release|Any CPU.ActiveCfg = Release|Any CPU
		{E5D186B7-8ED1-4FB2-897D-3C055F6E5AC1}.Release|Any CPU.Build.0 = Release|Any CPU
	EndGlobalSection
	GlobalSection(SolutionProperties) = preSolution
		HideSolutionNode = FALSE
	EndGlobalSection
	GlobalSection(ExtensibilityGlobals) = postSolution
		SolutionGuid = {E60BA828-1146-43B6-A62F-9E72447119B9}
	EndGlobalSection
EndGlobal
